github.com/firasdarwish/ore v0.1.1 h1:Vt3kQrmXUGzJ38haXMNCKzQLIqFtZ7dLl9W5yEmkO7g=
github.com/firasdarwish/ore v0.1.1/go.mod h1:8Vf1dxtX+jZ7PDwuA43hPcy1hPk2L4lrKZV5N4gex/s=
github.com/firasdarwish/ore v0.2.0 h1:PPk3u+JD68ijwarO24YU7O6vZnywSH+MRo25Ebf+50Q=
github.com/firasdarwish/ore v0.2.0/go.mod h1:8Vf1dxtX+jZ7PDwuA43hPcy1hPk2L4lrKZV5N4gex/s=
github.com/golobby/container/v3 v3.3.2 h1:7u+RgNnsdVlhGoS8gY4EXAG601vpMMzLZlYqSp77Quw=
github.com/golobby/container/v3 v3.3.2/go.mod h1:RDdKpnKpV1Of11PFBe7Dxc2C1k2KaLE4FD47FflAmj0=
github.com/samber/do v1.6.0 h1:Jy/N++BXINDB6lAx5wBlbpHlUdl0FKpLWgGEV9YWqaU=
github.com/samber/do v1.6.0/go.mod h1:DWqBvumy8dyb2vEnYZE7D7zaVEB64J45B0NjTlY/M4k=
github.com/samber/do/v2 v2.0.0-beta.7 h1:tmdLOVSCbTA6uGWLU5poi/nZvMRh5QxXFJ9vHytU+Jk=
github.com/samber/do/v2 v2.0.0-beta.7/go.mod h1:+LpV3vu4L81Q1JMZNSkMvSkW9lt4e5eJoXoZHkeBS4c=
github.com/samber/go-type-to-string v1.7.0 h1:FiSstaAikHMUSLt5bhVlsvCnD7bbQzC8L0UkkGS3Bj8=
github.com/samber/go-type-to-string v1.7.0/go.mod h1:jpU77vIDoIxkahknKDoEx9C8bQ1ADnh2sotZ8I4QqBU=
go.uber.org/dig v1.18.0 h1:imUL1UiY0Mg4bqbFfsRQO5G4CGRBec/ZujWTvSVp3pw=
go.uber.org/dig v1.18.0/go.mod h1:Us0rSJiThwCv2GteUN0Q7OKvU7n5J4dxZ9JKUXozFdE=
go.uber.org/fx v1.23.0 h1:lIr/gYWQGfTwGcSXWXu4vP5Ws6iqnNEIY+F/aFzCKTg=
go.uber.org/fx v1.23.0/go.mod h1:o/D9n+2mLP6v1EG+qsdT1O8wKopYAsqZasju97SDFCU=
go.uber.org/multierr v1.10.0 h1:S0h4aNzvfcFsC3dRF1jLoaov7oRaKqRGC/pUEJ2yvPQ=
go.uber.org/multierr v1.10.0/go.mod h1:20+QtiLqy0Nd6FdQB9TLXag12DsQkrbs3htMFfDN80Y=
go.uber.org/zap v1.26.0 h1:sI7k6L95XOKS281NhVKOFCUNIvv9e0w4BF8N3u+tCRo=
go.uber.org/zap v1.26.0/go.mod h1:dtElttAiwGvoJ/vj4IwHBS/gXsEu/pZ50mUIRWuG0so=
golang.org/x/sys v0.0.0-20220412211240-33da011f77ad h1:ntjMns5wyP/fN65tdBD4g8J5w8n015+iIIs9rtjXkY0=
golang.org/x/sys v0.0.0-20220412211240-33da011f77ad/go.mod h1:oPkhp1MJrh7nUepCBck5+mAzfO9JrbApNNgaTdGDITg=
